// !$*UTF8*$!
{
	archiveVersion = 1;
	classes = {
	};
	objectVersion = 50;
	objects = {

/* Begin PBXBuildFile section */
		685636B625D1445400025C19 /* AppDelegate.swift in Sources */ = {isa = PBXBuildFile; fileRef = 685636B525D1445400025C19 /* AppDelegate.swift */; };
		685636B825D1445400025C19 /* SceneDelegate.swift in Sources */ = {isa = PBXBuildFile; fileRef = 685636B725D1445400025C19 /* SceneDelegate.swift */; };
		685636BA25D1445400025C19 /* BaseViewController.swift in Sources */ = {isa = PBXBuildFile; fileRef = 685636B925D1445400025C19 /* BaseViewController.swift */; };
		685636BD25D1445500025C19 /* Main.storyboard in Resources */ = {isa = PBXBuildFile; fileRef = 685636BB25D1445500025C19 /* Main.storyboard */; };
		685636BF25D1445800025C19 /* Assets.xcassets in Resources */ = {isa = PBXBuildFile; fileRef = 685636BE25D1445800025C19 /* Assets.xcassets */; };
		685636C225D1445800025C19 /* LaunchScreen.storyboard in Resources */ = {isa = PBXBuildFile; fileRef = 685636C025D1445800025C19 /* LaunchScreen.storyboard */; };
		685636FE25D14D4F00025C19 /* BaseViewModel.swift in Sources */ = {isa = PBXBuildFile; fileRef = 685636FD25D14D4F00025C19 /* BaseViewModel.swift */; };
/* End PBXBuildFile section */

/* Begin PBXFileReference section */
		685636B225D1445400025C19 /* MVVM Template.app */ = {isa = PBXFileReference; explicitFileType = wrapper.application; includeInIndex = 0; path = "MVVM Template.app"; sourceTree = BUILT_PRODUCTS_DIR; };
		685636B525D1445400025C19 /* AppDelegate.swift */ = {isa = PBXFileReference; lastKnownFileType = sourcecode.swift; path = AppDelegate.swift; sourceTree = "<group>"; };
		685636B725D1445400025C19 /* SceneDelegate.swift */ = {isa = PBXFileReference; lastKnownFileType = sourcecode.swift; path = SceneDelegate.swift; sourceTree = "<group>"; };
		685636B925D1445400025C19 /* BaseViewController.swift */ = {isa = PBXFileReference; lastKnownFileType = sourcecode.swift; path = BaseViewController.swift; sourceTree = "<group>"; };
		685636BC25D1445500025C19 /* Base */ = {isa = PBXFileReference; lastKnownFileType = file.storyboard; name = Base; path = Base.lproj/Main.storyboard; sourceTree = "<group>"; };
		685636BE25D1445800025C19 /* Assets.xcassets */ = {isa = PBXFileReference; lastKnownFileType = folder.assetcatalog; path = Assets.xcassets; sourceTree = "<group>"; };
		685636C125D1445800025C19 /* Base */ = {isa = PBXFileReference; lastKnownFileType = file.storyboard; name = Base; path = Base.lproj/LaunchScreen.storyboard; sourceTree = "<group>"; };
		685636C325D1445800025C19 /* Info.plist */ = {isa = PBXFileReference; lastKnownFileType = text.plist.xml; path = Info.plist; sourceTree = "<group>"; };
		685636FD25D14D4F00025C19 /* BaseViewModel.swift */ = {isa = PBXFileReference; lastKnownFileType = sourcecode.swift; path = BaseViewModel.swift; sourceTree = "<group>"; };
/* End PBXFileReference section */

/* Begin PBXFrameworksBuildPhase section */
		685636AF25D1445400025C19 /* Frameworks */ = {
			isa = PBXFrameworksBuildPhase;
			buildActionMask = 2147483647;
			files = (
			);
			runOnlyForDeploymentPostprocessing = 0;
		};
/* End PBXFrameworksBuildPhase section */

/* Begin PBXGroup section */
		685636A925D1445400025C19 = {
			isa = PBXGroup;
			children = (
				685636B425D1445400025C19 /* MVVM Template */,
				685636B325D1445400025C19 /* Products */,
			);
			sourceTree = "<group>";
		};
		685636B325D1445400025C19 /* Products */ = {
			isa = PBXGroup;
			children = (
				685636B225D1445400025C19 /* MVVM Template.app */,
			);
			name = Products;
			sourceTree = "<group>";
		};
		685636B425D1445400025C19 /* MVVM Template */ = {
			isa = PBXGroup;
			children = (
				685636F225D14A9800025C19 /* Controllers */,
				685636F125D14A8800025C19 /* Models */,
				685636CA25D1449100025C19 /* Application */,
				685636CC25D1451300025C19 /* Views */,
				685636CB25D144A500025C19 /* Resources */,
				685636D125D145F700025C19 /* Database */,
				685636D025D145EC00025C19 /* Network */,
				685636CF25D145BC00025C19 /* Interactors */,
			);
			path = "MVVM Template";
			sourceTree = "<group>";
		};
		685636CA25D1449100025C19 /* Application */ = {
			isa = PBXGroup;
			children = (
				685636B525D1445400025C19 /* AppDelegate.swift */,
				685636B725D1445400025C19 /* SceneDelegate.swift */,
			);
			path = Application;
			sourceTree = "<group>";
		};
		685636CB25D144A500025C19 /* Resources */ = {
			isa = PBXGroup;
			children = (
				685636BE25D1445800025C19 /* Assets.xcassets */,
				685636C325D1445800025C19 /* Info.plist */,
			);
			path = Resources;
			sourceTree = "<group>";
		};
		685636CC25D1451300025C19 /* Views */ = {
			isa = PBXGroup;
			children = (
				685636CE25D1454C00025C19 /* XIBs */,
				685636CD25D1452000025C19 /* Storyboards */,
				685636D225D1469500025C19 /* Custom Views */,
			);
			path = Views;
			sourceTree = "<group>";
		};
		685636CD25D1452000025C19 /* Storyboards */ = {
			isa = PBXGroup;
			children = (
				685636BB25D1445500025C19 /* Main.storyboard */,
				685636C025D1445800025C19 /* LaunchScreen.storyboard */,
			);
			path = Storyboards;
			sourceTree = "<group>";
		};
		685636CE25D1454C00025C19 /* XIBs */ = {
			isa = PBXGroup;
			children = (
			);
			path = XIBs;
			sourceTree = "<group>";
		};
		685636CF25D145BC00025C19 /* Interactors */ = {
			isa = PBXGroup;
			children = (
			);
			path = Interactors;
			sourceTree = "<group>";
		};
		685636D025D145EC00025C19 /* Network */ = {
			isa = PBXGroup;
			children = (
			);
			path = Network;
			sourceTree = "<group>";
		};
		685636D125D145F700025C19 /* Database */ = {
			isa = PBXGroup;
			children = (
			);
			path = Database;
			sourceTree = "<group>";
		};
		685636D225D1469500025C19 /* Custom Views */ = {
			isa = PBXGroup;
			children = (
			);
			path = "Custom Views";
			sourceTree = "<group>";
		};
		685636F125D14A8800025C19 /* Models */ = {
			isa = PBXGroup;
			children = (
			);
			path = Models;
			sourceTree = "<group>";
		};
		685636F225D14A9800025C19 /* Controllers */ = {
			isa = PBXGroup;
			children = (
				685636FC25D14D0D00025C19 /* Base */,
				685636FB25D14BD300025C19 /* Home */,
				685636F325D14AAD00025C19 /* Authentication */,
			);
			path = Controllers;
			sourceTree = "<group>";
		};
		685636F325D14AAD00025C19 /* Authentication */ = {
			isa = PBXGroup;
			children = (
				685636F825D14B9D00025C19 /* Login */,
				685636F925D14BAA00025C19 /* Registration */,
			);
			path = Authentication;
			sourceTree = "<group>";
		};
		685636F825D14B9D00025C19 /* Login */ = {
			isa = PBXGroup;
			children = (
			);
			path = Login;
			sourceTree = "<group>";
		};
		685636F925D14BAA00025C19 /* Registration */ = {
			isa = PBXGroup;
			children = (
			);
			path = Registration;
			sourceTree = "<group>";
		};
		685636FB25D14BD300025C19 /* Home */ = {
			isa = PBXGroup;
			children = (
			);
			path = Home;
			sourceTree = "<group>";
		};
		685636FC25D14D0D00025C19 /* Base */ = {
			isa = PBXGroup;
			children = (
				685636B925D1445400025C19 /* BaseViewController.swift */,
				685636FD25D14D4F00025C19 /* BaseViewModel.swift */,
			);
			path = Base;
			sourceTree = "<group>";
		};
/* End PBXGroup section */

/* Begin PBXNativeTarget section */
		685636B125D1445400025C19 /* MVVM Template */ = {
			isa = PBXNativeTarget;
			buildConfigurationList = 685636C625D1445800025C19 /* Build configuration list for PBXNativeTarget "MVVM Template" */;
			buildPhases = (
				685636AE25D1445400025C19 /* Sources */,
				685636AF25D1445400025C19 /* Frameworks */,
				685636B025D1445400025C19 /* Resources */,
			);
			buildRules = (
			);
			dependencies = (
			);
			name = "MVVM Template";
			productName = "MVVM Template";
			productReference = 685636B225D1445400025C19 /* MVVM Template.app */;
			productType = "com.apple.product-type.application";
		};
/* End PBXNativeTarget section */

/* Begin PBXProject section */
		685636AA25D1445400025C19 /* Project object */ = {
			isa = PBXProject;
			attributes = {
				LastSwiftUpdateCheck = 1240;
				LastUpgradeCheck = 1240;
				TargetAttributes = {
					685636B125D1445400025C19 = {
						CreatedOnToolsVersion = 12.4;
					};
				};
			};
			buildConfigurationList = 685636AD25D1445400025C19 /* Build configuration list for PBXProject "MVVM Template" */;
			compatibilityVersion = "Xcode 9.3";
			developmentRegion = en;
			hasScannedForEncodings = 0;
			knownRegions = (
				en,
				Base,
			);
			mainGroup = 685636A925D1445400025C19;
			productRefGroup = 685636B325D1445400025C19 /* Products */;
			projectDirPath = "";
			projectRoot = "";
			targets = (
				685636B125D1445400025C19 /* MVVM Template */,
			);
		};
/* End PBXProject section */

/* Begin PBXResourcesBuildPhase section */
		685636B025D1445400025C19 /* Resources */ = {
			isa = PBXResourcesBuildPhase;
			buildActionMask = 2147483647;
			files = (
				685636C225D1445800025C19 /* LaunchScreen.storyboard in Resources */,
				685636BF25D1445800025C19 /* Assets.xcassets in Resources */,
				685636BD25D1445500025C19 /* Main.storyboard in Resources */,
			);
			runOnlyForDeploymentPostprocessing = 0;
		};
/* End PBXResourcesBuildPhase section */

/* Begin PBXSourcesBuildPhase section */
		685636AE25D1445400025C19 /* Sources */ = {
			isa = PBXSourcesBuildPhase;
			buildActionMask = 2147483647;
			files = (
				685636BA25D1445400025C19 /* BaseViewController.swift in Sources */,
				685636FE25D14D4F00025C19 /* BaseViewModel.swift in Sources */,
				685636B625D1445400025C19 /* AppDelegate.swift in Sources */,
				685636B825D1445400025C19 /* SceneDelegate.swift in Sources */,
			);
			runOnlyForDeploymentPostprocessing = 0;
		};
/* End PBXSourcesBuildPhase section */

/* Begin PBXVariantGroup section */
		685636BB25D1445500025C19 /* Main.storyboard */ = {
			isa = PBXVariantGroup;
			children = (
				685636BC25D1445500025C19 /* Base */,
			);
			name = Main.storyboard;
			sourceTree = "<group>";
		};
		685636C025D1445800025C19 /* LaunchScreen.storyboard */ = {
			isa = PBXVariantGroup;
			children = (
				685636C125D1445800025C19 /* Base */,
			);
			name = LaunchScreen.storyboard;
			sourceTree = "<group>";
		};
/* End PBXVariantGroup section */

/* Begin XCBuildConfiguration section */
		685636C425D1445800025C19 /* Debug */ = {
			isa = XCBuildConfiguration;
			buildSettings = {
				ALWAYS_SEARCH_USER_PATHS = NO;
				CLANG_ANALYZER_NONNULL = YES;
				CLANG_ANALYZER_NUMBER_OBJECT_CONVERSION = YES_AGGRESSIVE;
				CLANG_CXX_LANGUAGE_STANDARD = "gnu++14";
				CLANG_CXX_LIBRARY = "libc++";
				CLANG_ENABLE_MODULES = YES;
				CLANG_ENABLE_OBJC_ARC = YES;
				CLANG_ENABLE_OBJC_WEAK = YES;
				CLANG_WARN_BLOCK_CAPTURE_AUTORELEASING = YES;
				CLANG_WARN_BOOL_CONVERSION = YES;
				CLANG_WARN_COMMA = YES;
				CLANG_WARN_CONSTANT_CONVERSION = YES;
				CLANG_WARN_DEPRECATED_OBJC_IMPLEMENTATIONS = YES;
				CLANG_WARN_DIRECT_OBJC_ISA_USAGE = YES_ERROR;
				CLANG_WARN_DOCUMENTATION_COMMENTS = YES;
				CLANG_WARN_EMPTY_BODY = YES;
				CLANG_WARN_ENUM_CONVERSION = YES;
				CLANG_WARN_INFINITE_RECURSION = YES;
				CLANG_WARN_INT_CONVERSION = YES;
				CLANG_WARN_NON_LITERAL_NULL_CONVERSION = YES;
				CLANG_WARN_OBJC_IMPLICIT_RETAIN_SELF = YES;
				CLANG_WARN_OBJC_LITERAL_CONVERSION = YES;
				CLANG_WARN_OBJC_ROOT_CLASS = YES_ERROR;
				CLANG_WARN_QUOTED_INCLUDE_IN_FRAMEWORK_HEADER = YES;
				CLANG_WARN_RANGE_LOOP_ANALYSIS = YES;
				CLANG_WARN_STRICT_PROTOTYPES = YES;
				CLANG_WARN_SUSPICIOUS_MOVE = YES;
				CLANG_WARN_UNGUARDED_AVAILABILITY = YES_AGGRESSIVE;
				CLANG_WARN_UNREACHABLE_CODE = YES;
				CLANG_WARN__DUPLICATE_METHOD_MATCH = YES;
				COPY_PHASE_STRIP = NO;
				DEBUG_INFORMATION_FORMAT = dwarf;
				ENABLE_STRICT_OBJC_MSGSEND = YES;
				ENABLE_TESTABILITY = YES;
				GCC_C_LANGUAGE_STANDARD = gnu11;
				GCC_DYNAMIC_NO_PIC = NO;
				GCC_NO_COMMON_BLOCKS = YES;
				GCC_OPTIMIZATION_LEVEL = 0;
				GCC_PREPROCESSOR_DEFINITIONS = (
					"DEBUG=1",
					"$(inherited)",
				);
				GCC_WARN_64_TO_32_BIT_CONVERSION = YES;
				GCC_WARN_ABOUT_RETURN_TYPE = YES_ERROR;
				GCC_WARN_UNDECLARED_SELECTOR = YES;
				GCC_WARN_UNINITIALIZED_AUTOS = YES_AGGRESSIVE;
				GCC_WARN_UNUSED_FUNCTION = YES;
				GCC_WARN_UNUSED_VARIABLE = YES;
				IPHONEOS_DEPLOYMENT_TARGET = 14.4;
				MTL_ENABLE_DEBUG_INFO = INCLUDE_SOURCE;
				MTL_FAST_MATH = YES;
				ONLY_ACTIVE_ARCH = YES;
				SDKROOT = iphoneos;
				SWIFT_ACTIVE_COMPILATION_CONDITIONS = DEBUG;
				SWIFT_OPTIMIZATION_LEVEL = "-Onone";
			};
			name = Debug;
		};
		685636C525D1445800025C19 /* Release */ = {
			isa = XCBuildConfiguration;
			buildSettings = {
				ALWAYS_SEARCH_USER_PATHS = NO;
				CLANG_ANALYZER_NONNULL = YES;
				CLANG_ANALYZER_NUMBER_OBJECT_CONVERSION = YES_AGGRESSIVE;
				CLANG_CXX_LANGUAGE_STANDARD = "gnu++14";
				CLANG_CXX_LIBRARY = "libc++";
				CLANG_ENABLE_MODULES = YES;
				CLANG_ENABLE_OBJC_ARC = YES;
				CLANG_ENABLE_OBJC_WEAK = YES;
				CLANG_WARN_BLOCK_CAPTURE_AUTORELEASING = YES;
				CLANG_WARN_BOOL_CONVERSION = YES;
				CLANG_WARN_COMMA = YES;
				CLANG_WARN_CONSTANT_CONVERSION = YES;
				CLANG_WARN_DEPRECATED_OBJC_IMPLEMENTATIONS = YES;
				CLANG_WARN_DIRECT_OBJC_ISA_USAGE = YES_ERROR;
				CLANG_WARN_DOCUMENTATION_COMMENTS = YES;
				CLANG_WARN_EMPTY_BODY = YES;
				CLANG_WARN_ENUM_CONVERSION = YES;
				CLANG_WARN_INFINITE_RECURSION = YES;
				CLANG_WARN_INT_CONVERSION = YES;
				CLANG_WARN_NON_LITERAL_NULL_CONVERSION = YES;
				CLANG_WARN_OBJC_IMPLICIT_RETAIN_SELF = YES;
				CLANG_WARN_OBJC_LITERAL_CONVERSION = YES;
				CLANG_WARN_OBJC_ROOT_CLASS = YES_ERROR;
				CLANG_WARN_QUOTED_INCLUDE_IN_FRAMEWORK_HEADER = YES;
				CLANG_WARN_RANGE_LOOP_ANALYSIS = YES;
				CLANG_WARN_STRICT_PROTOTYPES = YES;
				CLANG_WARN_SUSPICIOUS_MOVE = YES;
				CLANG_WARN_UNGUARDED_AVAILABILITY = YES_AGGRESSIVE;
				CLANG_WARN_UNREACHABLE_CODE = YES;
				CLANG_WARN__DUPLICATE_METHOD_MATCH = YES;
				COPY_PHASE_STRIP = NO;
				DEBUG_INFORMATION_FORMAT = "dwarf-with-dsym";
				ENABLE_NS_ASSERTIONS = NO;
				ENABLE_STRICT_OBJC_MSGSEND = YES;
				GCC_C_LANGUAGE_STANDARD = gnu11;
				GCC_NO_COMMON_BLOCKS = YES;
				GCC_WARN_64_TO_32_BIT_CONVERSION = YES;
				GCC_WARN_ABOUT_RETURN_TYPE = YES_ERROR;
				GCC_WARN_UNDECLARED_SELECTOR = YES;
				GCC_WARN_UNINITIALIZED_AUTOS = YES_AGGRESSIVE;
				GCC_WARN_UNUSED_FUNCTION = YES;
				GCC_WARN_UNUSED_VARIABLE = YES;
				IPHONEOS_DEPLOYMENT_TARGET = 14.4;
				MTL_ENABLE_DEBUG_INFO = NO;
				MTL_FAST_MATH = YES;
				SDKROOT = iphoneos;
				SWIFT_COMPILATION_MODE = wholemodule;
				SWIFT_OPTIMIZATION_LEVEL = "-O";
				VALIDATE_PRODUCT = YES;
			};
			name = Release;
		};
		685636C725D1445800025C19 /* Debug */ = {
			isa = XCBuildConfiguration;
			buildSettings = {
				ASSETCATALOG_COMPILER_APPICON_NAME = AppIcon;
				ASSETCATALOG_COMPILER_GLOBAL_ACCENT_COLOR_NAME = AccentColor;
				CODE_SIGN_STYLE = Automatic;
				INFOPLIST_FILE = "MVVM Template/Resources/Info.plist";
				LD_RUNPATH_SEARCH_PATHS = (
					"$(inherited)",
					"@executable_path/Frameworks",
				);
				PRODUCT_BUNDLE_IDENTIFIER = "com.spirit0005.MVVM-Template";
				PRODUCT_NAME = "$(TARGET_NAME)";
				SWIFT_VERSION = 5.0;
				TARGETED_DEVICE_FAMILY = "1,2";
			};
			name = Debug;
		};
		685636C825D1445800025C19 /* Release */ = {
			isa = XCBuildConfiguration;
			buildSettings = {
				ASSETCATALOG_COMPILER_APPICON_NAME = AppIcon;
				ASSETCATALOG_COMPILER_GLOBAL_ACCENT_COLOR_NAME = AccentColor;
				CODE_SIGN_STYLE = Automatic;
				INFOPLIST_FILE = "MVVM Template/Resources/Info.plist";
				LD_RUNPATH_SEARCH_PATHS = (
					"$(inherited)",
					"@executable_path/Frameworks",
				);
				PRODUCT_BUNDLE_IDENTIFIER = "com.spirit0005.MVVM-Template";
				PRODUCT_NAME = "$(TARGET_NAME)";
				SWIFT_VERSION = 5.0;
				TARGETED_DEVICE_FAMILY = "1,2";
			};
			name = Release;
		};
/* End XCBuildConfiguration section */

/* Begin XCConfigurationList section */
		685636AD25D1445400025C19 /* Build configuration list for PBXProject "MVVM Template" */ = {
			isa = XCConfigurationList;
			buildConfigurations = (
				685636C425D1445800025C19 /* Debug */,
				685636C525D1445800025C19 /* Release */,
			);
			defaultConfigurationIsVisible = 0;
			defaultConfigurationName = Release;
		};
		685636C625D1445800025C19 /* Build configuration list for PBXNativeTarget "MVVM Template" */ = {
			isa = XCConfigurationList;
			buildConfigurations = (
				685636C725D1445800025C19 /* Debug */,
				685636C825D1445800025C19 /* Release */,
			);
			defaultConfigurationIsVisible = 0;
			defaultConfigurationName = Release;
		};
/* End XCConfigurationList section */
	};
	rootObject = 685636AA25D1445400025C19 /* Project object */;
}
